
Microsoft Visual Studio Solution File, Format Version 12.00
# Visual Studio Version 16
VisualStudioVersion = 16.0.30114.105
MinimumVisualStudioVersion = 15.0.26124.0
Project("{9A19103F-16F7-4668-BE54-9A1E7A4F7556}") = "MeuMundoCompartilhado.Api", "MeuMundoCompartilhado.Api\MeuMundoCompartilhado.Api.csproj", "{C2B2D458-3C9E-4783-AA55-ADA0CEE3BA25}"
EndProject
Project("{9A19103F-16F7-4668-BE54-9A1E7A4F7556}") = "MeuMundoCompartilhado.Domain", "MeuMundoCompartilhado.Domain\MeuMundoCompartilhado.Domain.csproj", "{34589D0C-256A-4911-80D5-04A5BDCDC697}"
EndProject
Project("{9A19103F-16F7-4668-BE54-9A1E7A4F7556}") = "MeuMundoCompartilhado.Tests", "MeuMundoCompartilhado.Tests\MeuMundoCompartilhado.Tests.csproj", "{90938DE8-6623-4E79-8C08-21EB9C6093E4}"
EndProject
Project("{9A19103F-16F7-4668-BE54-9A1E7A4F7556}") = "MeuMundoCompartilhado.Shared", "MeuMundoCompartilhado.Shared\MeuMundoCompartilhado.Shared.csproj", "{5FB546A8-27A3-4D43-BFAB-7F357A170A0B}"
EndProject
Project("{FAE04EC0-301F-11D3-BF4B-00C04F79EFBC}") = "MeuMundoCompartilhado.Infra", "MeuMundoCompartilhado.Infra\MeuMundoCompartilhado.Infra.csproj", "{90D64ADC-4ADC-48FA-B3B8-2C7429085579}"
EndProject
Global
	GlobalSection(SolutionConfigurationPlatforms) = preSolution
		Debug|Any CPU = Debug|Any CPU
		Debug|x64 = Debug|x64
		Debug|x86 = Debug|x86
		Release|Any CPU = Release|Any CPU
		Release|x64 = Release|x64
		Release|x86 = Release|x86
	EndGlobalSection
	GlobalSection(ProjectConfigurationPlatforms) = postSolution
		{C2B2D458-3C9E-4783-AA55-ADA0CEE3BA25}.Debug|Any CPU.ActiveCfg = Debug|Any CPU
		{C2B2D458-3C9E-4783-AA55-ADA0CEE3BA25}.Debug|Any CPU.Build.0 = Debug|Any CPU
		{C2B2D458-3C9E-4783-AA55-ADA0CEE3BA25}.Debug|x64.ActiveCfg = Debug|Any CPU
		{C2B2D458-3C9E-4783-AA55-ADA0CEE3BA25}.Debug|x64.Build.0 = Debug|Any CPU
		{C2B2D458-3C9E-4783-AA55-ADA0CEE3BA25}.Debug|x86.ActiveCfg = Debug|Any CPU
		{C2B2D458-3C9E-4783-AA55-ADA0CEE3BA25}.Debug|x86.Build.0 = Debug|Any CPU
		{C2B2D458-3C9E-4783-AA55-ADA0CEE3BA25}.Release|Any CPU.ActiveCfg = Release|Any CPU
		{C2B2D458-3C9E-4783-AA55-ADA0CEE3BA25}.Release|Any CPU.Build.0 = Release|Any CPU
		{C2B2D458-3C9E-4783-AA55-ADA0CEE3BA25}.Release|x64.ActiveCfg = Release|Any CPU
		{C2B2D458-3C9E-4783-AA55-ADA0CEE3BA25}.Release|x64.Build.0 = Release|Any CPU
		{C2B2D458-3C9E-4783-AA55-ADA0CEE3BA25}.Release|x86.ActiveCfg = Release|Any CPU
		{C2B2D458-3C9E-4783-AA55-ADA0CEE3BA25}.Release|x86.Build.0 = Release|Any CPU
		{34589D0C-256A-4911-80D5-04A5BDCDC697}.Debug|Any CPU.ActiveCfg = Debug|Any CPU
		{34589D0C-256A-4911-80D5-04A5BDCDC697}.Debug|Any CPU.Build.0 = Debug|Any CPU
		{34589D0C-256A-4911-80D5-04A5BDCDC697}.Debug|x64.ActiveCfg = Debug|Any CPU
		{34589D0C-256A-4911-80D5-04A5BDCDC697}.Debug|x64.Build.0 = Debug|Any CPU
		{34589D0C-256A-4911-80D5-04A5BDCDC697}.Debug|x86.ActiveCfg = Debug|Any CPU
		{34589D0C-256A-4911-80D5-04A5BDCDC697}.Debug|x86.Build.0 = Debug|Any CPU
		{34589D0C-256A-4911-80D5-04A5BDCDC697}.Release|Any CPU.ActiveCfg = Release|Any CPU
		{34589D0C-256A-4911-80D5-04A5BDCDC697}.Release|Any CPU.Build.0 = Release|Any CPU
		{34589D0C-256A-4911-80D5-04A5BDCDC697}.Release|x64.ActiveCfg = Release|Any CPU
		{34589D0C-256A-4911-80D5-04A5BDCDC697}.Release|x64.Build.0 = Release|Any CPU
		{34589D0C-256A-4911-80D5-04A5BDCDC697}.Release|x86.ActiveCfg = Release|Any CPU
		{34589D0C-256A-4911-80D5-04A5BDCDC697}.Release|x86.Build.0 = Release|Any CPU
		{90938DE8-6623-4E79-8C08-21EB9C6093E4}.Debug|Any CPU.ActiveCfg = Debug|Any CPU
		{90938DE8-6623-4E79-8C08-21EB9C6093E4}.Debug|Any CPU.Build.0 = Debug|Any CPU
		{90938DE8-6623-4E79-8C08-21EB9C6093E4}.Debug|x64.ActiveCfg = Debug|Any CPU
		{90938DE8-6623-4E79-8C08-21EB9C6093E4}.Debug|x64.Build.0 = Debug|Any CPU
		{90938DE8-6623-4E79-8C08-21EB9C6093E4}.Debug|x86.ActiveCfg = Debug|Any CPU
		{90938DE8-6623-4E79-8C08-21EB9C6093E4}.Debug|x86.Build.0 = Debug|Any CPU
		{90938DE8-6623-4E79-8C08-21EB9C6093E4}.Release|Any CPU.ActiveCfg = Release|Any CPU
		{90938DE8-6623-4E79-8C08-21EB9C6093E4}.Release|Any CPU.Build.0 = Release|Any CPU
		{90938DE8-6623-4E79-8C08-21EB9C6093E4}.Release|x64.ActiveCfg = Release|Any CPU
		{90938DE8-6623-4E79-8C08-21EB9C6093E4}.Release|x64.Build.0 = Release|Any CPU
		{90938DE8-6623-4E79-8C08-21EB9C6093E4}.Release|x86.ActiveCfg = Release|Any CPU
		{90938DE8-6623-4E79-8C08-21EB9C6093E4}.Release|x86.Build.0 = Release|Any CPU
		{5FB546A8-27A3-4D43-BFAB-7F357A170A0B}.Debug|Any CPU.ActiveCfg = Debug|Any CPU
		{5FB546A8-27A3-4D43-BFAB-7F357A170A0B}.Debug|Any CPU.Build.0 = Debug|Any CPU
		{5FB546A8-27A3-4D43-BFAB-7F357A170A0B}.Debug|x64.ActiveCfg = Debug|Any CPU
		{5FB546A8-27A3-4D43-BFAB-7F357A170A0B}.Debug|x64.Build.0 = Debug|Any CPU
		{5FB546A8-27A3-4D43-BFAB-7F357A170A0B}.Debug|x86.ActiveCfg = Debug|Any CPU
		{5FB546A8-27A3-4D43-BFAB-7F357A170A0B}.Debug|x86.Build.0 = Debug|Any CPU
		{5FB546A8-27A3-4D43-BFAB-7F357A170A0B}.Release|Any CPU.ActiveCfg = Release|Any CPU
		{5FB546A8-27A3-4D43-BFAB-7F357A170A0B}.Release|Any CPU.Build.0 = Release|Any CPU
		{5FB546A8-27A3-4D43-BFAB-7F357A170A0B}.Release|x64.ActiveCfg = Release|Any CPU
		{5FB546A8-27A3-4D43-BFAB-7F357A170A0B}.Release|x64.Build.0 = Release|Any CPU
		{5FB546A8-27A3-4D43-BFAB-7F357A170A0B}.Release|x86.ActiveCfg = Release|Any CPU
		{5FB546A8-27A3-4D43-BFAB-7F357A170A0B}.Release|x86.Build.0 = Release|Any CPU
		{90D64ADC-4ADC-48FA-B3B8-2C7429085579}.Debug|Any CPU.ActiveCfg = Debug|Any CPU
		{90D64ADC-4ADC-48FA-B3B8-2C7429085579}.Debug|Any CPU.Build.0 = Debug|Any CPU
		{90D64ADC-4ADC-48FA-B3B8-2C7429085579}.Debug|x64.ActiveCfg = Debug|Any CPU
		{90D64ADC-4ADC-48FA-B3B8-2C7429085579}.Debug|x64.Build.0 = Debug|Any CPU
		{90D64ADC-4ADC-48FA-B3B8-2C7429085579}.Debug|x86.ActiveCfg = Debug|Any CPU
		{90D64ADC-4ADC-48FA-B3B8-2C7429085579}.Debug|x86.Build.0 = Debug|Any CPU
		{90D64ADC-4ADC-48FA-B3B8-2C7429085579}.Release|Any CPU.ActiveCfg = Release|Any CPU
		{90D64ADC-4ADC-48FA-B3B8-2C7429085579}.Release|Any CPU.Build.0 = Release|Any CPU
		{90D64ADC-4ADC-48FA-B3B8-2C7429085579}.Release|x64.ActiveCfg = Release|Any CPU
		{90D64ADC-4ADC-48FA-B3B8-2C7429085579}.Release|x64.Build.0 = Release|Any CPU
		{90D64ADC-4ADC-48FA-B3B8-2C7429085579}.Release|x86.ActiveCfg = Release|Any CPU
		{90D64ADC-4ADC-48FA-B3B8-2C7429085579}.Release|x86.Build.0 = Release|Any CPU
	EndGlobalSection
	GlobalSection(SolutionProperties) = preSolution
		HideSolutionNode = FALSE
	EndGlobalSection
	GlobalSection(ExtensibilityGlobals) = postSolution
		SolutionGuid = {4BD2ED6B-2339-4A87-9C3B-370C4B5DA1DB}
	EndGlobalSection
EndGlobal
